{
  "name": "unity-i18n",
  "version": "1.0.49",
  "lockfileVersion": 2,
  "requires": true,
  "packages": {
    "": {
      "name": "unity-i18n",
      "version": "1.0.49",
      "license": "ISC",
      "dependencies": {
        "commander": "^7.2.0",
        "md5": "^2.3.0",
        "xlsx": "^0.16.6",
        "yaml": "^1.10.0"
      },
      "bin": {
        "unity-i18n": "bin/unity-i18n"
      },
      "devDependencies": {
        "@types/md5": "^2.2.0",
        "@types/node": "^14.6.3",
        "@types/typescript": "^2.0.0",
        "@types/xlsx": "0.0.36",
        "@types/yaml": "^1.9.7"
      }
    },
    "node_modules/@types/md5": {
      "version": "2.2.0",
      "resolved": "https://registry.npm.taobao.org/@types/md5/download/@types/md5-2.2.0.tgz",
      "integrity": "sha1-zYLha5WXP5S7A97kDFtr5Kf7f7Q=",
      "dev": true,
      "dependencies": {
        "@types/node": "*"
      }
    },
    "node_modules/@types/node": {
      "version": "14.6.3",
      "resolved": "https://registry.npm.taobao.org/@types/node/download/@types/node-14.6.3.tgz?cache=0&sync_timestamp=1599061442638&other_urls=https%3A%2F%2Fregistry.npm.taobao.org%2F%40types%2Fnode%2Fdownload%2F%40types%2Fnode-14.6.3.tgz",
      "integrity": "sha1-zE+XlUjKTY57kLwBgAUquZ7mQiQ=",
      "dev": true
    },
    "node_modules/@types/typescript": {
      "version": "2.0.0",
      "resolved": "https://registry.npm.taobao.org/@types/typescript/download/@types/typescript-2.0.0.tgz",
      "integrity": "sha1-xDNTnJi64oaCswfqp6D9IRW4PCg=",
      "dev": true,
      "dependencies": {
        "typescript": "*"
      }
    },
    "node_modules/@types/xlsx": {
      "version": "0.0.36",
      "resolved": "https://registry.npm.taobao.org/@types/xlsx/download/@types/xlsx-0.0.36.tgz",
      "integrity": "sha1-tQYgA+XFN0q08I/dO/adpNQBOvg=",
      "dev": true,
      "dependencies": {
        "xlsx": "*"
      }
    },
    "node_modules/@types/yaml": {
      "version": "1.9.7",
      "resolved": "https://registry.npm.taobao.org/@types/yaml/download/@types/yaml-1.9.7.tgz",
      "integrity": "sha1-IzHzbgqskTEaY9M+sCbCFodylnk=",
      "dev": true,
      "dependencies": {
        "yaml": "*"
      }
    },
    "node_modules/adler-32": {
      "version": "1.2.0",
      "resolved": "https://registry.npm.taobao.org/adler-32/download/adler-32-1.2.0.tgz",
      "integrity": "sha1-aj5r8KY5ALoVZSgIyxXGgT0aXyU=",
      "dependencies": {
        "exit-on-epipe": "~1.0.1",
        "printj": "~1.1.0"
      },
      "bin": {
        "adler32": "bin/adler32.njs"
      },
      "engines": {
        "node": ">=0.8"
      }
    },
    "node_modules/cfb": {
      "version": "1.2.0",
      "resolved": "https://registry.npm.taobao.org/cfb/download/cfb-1.2.0.tgz",
      "integrity": "sha1-ak0IcrUl7WA0nh71H7Swv3Psqag=",
      "dependencies": {
        "adler-32": "~1.2.0",
        "crc-32": "~1.2.0",
        "printj": "~1.1.2"
      },
      "engines": {
        "node": ">=0.8"
      }
    },
    "node_modules/charenc": {
      "version": "0.0.2",
      "resolved": "https://registry.npm.taobao.org/charenc/download/charenc-0.0.2.tgz",
      "integrity": "sha1-wKHS86cJLgN3S/qD8UwPxXkKhmc=",
      "engines": {
        "node": "*"
      }
    },
    "node_modules/codepage": {
      "version": "1.14.0",
      "resolved": "https://registry.npm.taobao.org/codepage/download/codepage-1.14.0.tgz",
      "integrity": "sha1-jL4lSBMjVZ19MHVxsP/5HnodL5k=",
      "dependencies": {
        "commander": "~2.14.1",
        "exit-on-epipe": "~1.0.1"
      },
      "bin": {
        "codepage": "bin/codepage.njs"
      },
      "engines": {
        "node": ">=0.8"
      }
    },
    "node_modules/codepage/node_modules/commander": {
      "version": "2.14.1",
      "resolved": "https://registry.npm.taobao.org/commander/download/commander-2.14.1.tgz?cache=0&sync_timestamp=1598576116597&other_urls=https%3A%2F%2Fregistry.npm.taobao.org%2Fcommander%2Fdownload%2Fcommander-2.14.1.tgz",
      "integrity": "sha1-IjUSPjevjKPGXfRbAm29NXsBuao="
    },
    "node_modules/commander": {
      "version": "7.2.0",
      "resolved": "https://registry.npmjs.org/commander/-/commander-7.2.0.tgz",
      "integrity": "sha512-QrWXB+ZQSVPmIWIhtEO9H+gwHaMGYiF5ChvoJ+K9ZGHG/sVsa6yiesAD1GC/x46sET00Xlwo1u49RVVVzvcSkw==",
      "engines": {
        "node": ">= 10"
      }
    },
    "node_modules/crc-32": {
      "version": "1.2.0",
      "resolved": "https://registry.npm.taobao.org/crc-32/download/crc-32-1.2.0.tgz",
      "integrity": "sha1-yy224puIUI4y2d0OwWk+e0Ghggg=",
      "dependencies": {
        "exit-on-epipe": "~1.0.1",
        "printj": "~1.1.0"
      },
      "bin": {
        "crc32": "bin/crc32.njs"
      },
      "engines": {
        "node": ">=0.8"
      }
    },
    "node_modules/crypt": {
      "version": "0.0.2",
      "resolved": "https://registry.npm.taobao.org/crypt/download/crypt-0.0.2.tgz",
      "integrity": "sha1-iNf/fsDfuG9xPch7u0LQRNPmxBs=",
      "engines": {
        "node": "*"
      }
    },
    "node_modules/exit-on-epipe": {
      "version": "1.0.1",
      "resolved": "https://registry.npm.taobao.org/exit-on-epipe/download/exit-on-epipe-1.0.1.tgz",
      "integrity": "sha1-C92S6H1ShdJn2qgXHQ6wYVlolpI=",
      "engines": {
        "node": ">=0.8"
      }
    },
    "node_modules/frac": {
      "version": "1.1.2",
      "resolved": "https://registry.npm.taobao.org/frac/download/frac-1.1.2.tgz",
      "integrity": "sha1-PXT39keMiKG1AgMG10fcYxPHTQs=",
      "engines": {
        "node": ">=0.8"
      }
    },
    "node_modules/is-buffer": {
      "version": "1.1.6",
      "resolved": "https://registry.npm.taobao.org/is-buffer/download/is-buffer-1.1.6.tgz",
      "integrity": "sha1-76ouqdqg16suoTqXsritUf776L4="
    },
    "node_modules/md5": {
      "version": "2.3.0",
      "resolved": "https://registry.npm.taobao.org/md5/download/md5-2.3.0.tgz",
      "integrity": "sha1-w9qaaq46MLRreww0m4exENw72k8=",
      "dependencies": {
        "charenc": "0.0.2",
        "crypt": "0.0.2",
        "is-buffer": "~1.1.6"
      }
    },
    "node_modules/printj": {
      "version": "1.1.2",
      "resolved": "https://registry.npm.taobao.org/printj/download/printj-1.1.2.tgz",
      "integrity": "sha1-2Q3rKXWoufYA+zoclOP0xTx4oiI=",
      "bin": {
        "printj": "bin/printj.njs"
      },
      "engines": {
        "node": ">=0.8"
      }
    },
    "node_modules/ssf": {
      "version": "0.11.2",
      "resolved": "https://registry.npm.taobao.org/ssf/download/ssf-0.11.2.tgz",
      "integrity": "sha1-C5lpiyN1SNCI/EPN8rcMGnUSwGw=",
      "dependencies": {
        "frac": "~1.1.2"
      },
      "engines": {
        "node": ">=0.8"
      }
    },
    "node_modules/typescript": {
      "version": "4.0.2",
      "resolved": "https://registry.npm.taobao.org/typescript/download/typescript-4.0.2.tgz?cache=0&sync_timestamp=1599029464101&other_urls=https%3A%2F%2Fregistry.npm.taobao.org%2Ftypescript%2Fdownload%2Ftypescript-4.0.2.tgz",
      "integrity": "sha1-fqfIh3fHI8aB4zv3mIvl0AjQWsI=",
      "dev": true,
      "bin": {
        "tsc": "bin/tsc",
        "tsserver": "bin/tsserver"
      },
      "engines": {
        "node": ">=4.2.0"
      }
    },
    "node_modules/wmf": {
      "version": "1.0.2",
      "resolved": "https://registry.npm.taobao.org/wmf/download/wmf-1.0.2.tgz",
      "integrity": "sha1-fRnWIQcaCMK9xrfmiKnENSmMwto=",
      "engines": {
        "node": ">=0.8"
      }
    },
    "node_modules/word": {
      "version": "0.3.0",
      "resolved": "https://registry.npm.taobao.org/word/download/word-0.3.0.tgz",
      "integrity": "sha1-hUIVfk+OhJ9KNjooiZLUdhLbmWE=",
      "engines": {
        "node": ">=0.8"
      }
    },
    "node_modules/xlsx": {
      "version": "0.16.6",
      "resolved": "https://registry.npm.taobao.org/xlsx/download/xlsx-0.16.6.tgz",
      "integrity": "sha1-7HWd8WbL/l/fAdCGNqZ5bbJq+aM=",
      "dependencies": {
        "adler-32": "~1.2.0",
        "cfb": "^1.1.4",
        "codepage": "~1.14.0",
        "commander": "~2.17.1",
        "crc-32": "~1.2.0",
        "exit-on-epipe": "~1.0.1",
        "ssf": "~0.11.2",
        "wmf": "~1.0.1",
        "word": "~0.3.0"
      },
      "bin": {
        "xlsx": "bin/xlsx.njs"
      },
      "engines": {
        "node": ">=0.8"
      }
    },
    "node_modules/xlsx/node_modules/commander": {
      "version": "2.17.1",
      "resolved": "https://registry.npm.taobao.org/commander/download/commander-2.17.1.tgz?cache=0&sync_timestamp=1598576116597&other_urls=https%3A%2F%2Fregistry.npm.taobao.org%2Fcommander%2Fdownload%2Fcommander-2.17.1.tgz",
      "integrity": "sha1-vXerfebelCBc6sxy8XFtKfIKd78="
    },
    "node_modules/yaml": {
      "version": "1.10.0",
      "resolved": "https://registry.npm.taobao.org/yaml/download/yaml-1.10.0.tgz?cache=0&sync_timestamp=1598195169702&other_urls=https%3A%2F%2Fregistry.npm.taobao.org%2Fyaml%2Fdownload%2Fyaml-1.10.0.tgz",
      "integrity": "sha1-O1k63ZRIdgd9TWg/7gEIG9n/8x4=",
      "engines": {
        "node": ">= 6"
      }
    }
  },
  "dependencies": {
    "@types/md5": {
      "version": "2.2.0",
      "resolved": "https://registry.npm.taobao.org/@types/md5/download/@types/md5-2.2.0.tgz",
      "integrity": "sha1-zYLha5WXP5S7A97kDFtr5Kf7f7Q=",
      "dev": true,
      "requires": {
        "@types/node": "*"
      }
    },
    "@types/node": {
      "version": "14.6.3",
      "resolved": "https://registry.npm.taobao.org/@types/node/download/@types/node-14.6.3.tgz?cache=0&sync_timestamp=1599061442638&other_urls=https%3A%2F%2Fregistry.npm.taobao.org%2F%40types%2Fnode%2Fdownload%2F%40types%2Fnode-14.6.3.tgz",
      "integrity": "sha1-zE+XlUjKTY57kLwBgAUquZ7mQiQ=",
      "dev": true
    },
    "@types/typescript": {
      "version": "2.0.0",
      "resolved": "https://registry.npm.taobao.org/@types/typescript/download/@types/typescript-2.0.0.tgz",
      "integrity": "sha1-xDNTnJi64oaCswfqp6D9IRW4PCg=",
      "dev": true,
      "requires": {
        "typescript": "*"
      }
    },
    "@types/xlsx": {
      "version": "0.0.36",
      "resolved": "https://registry.npm.taobao.org/@types/xlsx/download/@types/xlsx-0.0.36.tgz",
      "integrity": "sha1-tQYgA+XFN0q08I/dO/adpNQBOvg=",
      "dev": true,
      "requires": {
        "xlsx": "*"
      }
    },
    "@types/yaml": {
      "version": "1.9.7",
      "resolved": "https://registry.npm.taobao.org/@types/yaml/download/@types/yaml-1.9.7.tgz",
      "integrity": "sha1-IzHzbgqskTEaY9M+sCbCFodylnk=",
      "dev": true,
      "requires": {
        "yaml": "*"
      }
    },
    "adler-32": {
      "version": "1.2.0",
      "resolved": "https://registry.npm.taobao.org/adler-32/download/adler-32-1.2.0.tgz",
      "integrity": "sha1-aj5r8KY5ALoVZSgIyxXGgT0aXyU=",
      "requires": {
        "exit-on-epipe": "~1.0.1",
        "printj": "~1.1.0"
      }
    },
    "cfb": {
      "version": "1.2.0",
      "resolved": "https://registry.npm.taobao.org/cfb/download/cfb-1.2.0.tgz",
      "integrity": "sha1-ak0IcrUl7WA0nh71H7Swv3Psqag=",
      "requires": {
        "adler-32": "~1.2.0",
        "crc-32": "~1.2.0",
        "printj": "~1.1.2"
      }
    },
    "charenc": {
      "version": "0.0.2",
      "resolved": "https://registry.npm.taobao.org/charenc/download/charenc-0.0.2.tgz",
      "integrity": "sha1-wKHS86cJLgN3S/qD8UwPxXkKhmc="
    },
    "codepage": {
      "version": "1.14.0",
      "resolved": "https://registry.npm.taobao.org/codepage/download/codepage-1.14.0.tgz",
      "integrity": "sha1-jL4lSBMjVZ19MHVxsP/5HnodL5k=",
      "requires": {
        "commander": "~2.14.1",
        "exit-on-epipe": "~1.0.1"
      },
      "dependencies": {
        "commander": {
          "version": "2.14.1",
          "resolved": "https://registry.npm.taobao.org/commander/download/commander-2.14.1.tgz?cache=0&sync_timestamp=1598576116597&other_urls=https%3A%2F%2Fregistry.npm.taobao.org%2Fcommander%2Fdownload%2Fcommander-2.14.1.tgz",
          "integrity": "sha1-IjUSPjevjKPGXfRbAm29NXsBuao="
        }
      }
    },
    "commander": {
      "version": "7.2.0",
      "resolved": "https://registry.npmjs.org/commander/-/commander-7.2.0.tgz",
      "integrity": "sha512-QrWXB+ZQSVPmIWIhtEO9H+gwHaMGYiF5ChvoJ+K9ZGHG/sVsa6yiesAD1GC/x46sET00Xlwo1u49RVVVzvcSkw=="
    },
    "crc-32": {
      "version": "1.2.0",
      "resolved": "https://registry.npm.taobao.org/crc-32/download/crc-32-1.2.0.tgz",
      "integrity": "sha1-yy224puIUI4y2d0OwWk+e0Ghggg=",
      "requires": {
        "exit-on-epipe": "~1.0.1",
        "printj": "~1.1.0"
      }
    },
    "crypt": {
      "version": "0.0.2",
      "resolved": "https://registry.npm.taobao.org/crypt/download/crypt-0.0.2.tgz",
      "integrity": "sha1-iNf/fsDfuG9xPch7u0LQRNPmxBs="
    },
    "exit-on-epipe": {
      "version": "1.0.1",
      "resolved": "https://registry.npm.taobao.org/exit-on-epipe/download/exit-on-epipe-1.0.1.tgz",
      "integrity": "sha1-C92S6H1ShdJn2qgXHQ6wYVlolpI="
    },
    "frac": {
      "version": "1.1.2",
      "resolved": "https://registry.npm.taobao.org/frac/download/frac-1.1.2.tgz",
      "integrity": "sha1-PXT39keMiKG1AgMG10fcYxPHTQs="
    },
    "is-buffer": {
      "version": "1.1.6",
      "resolved": "https://registry.npm.taobao.org/is-buffer/download/is-buffer-1.1.6.tgz",
      "integrity": "sha1-76ouqdqg16suoTqXsritUf776L4="
    },
    "md5": {
      "version": "2.3.0",
      "resolved": "https://registry.npm.taobao.org/md5/download/md5-2.3.0.tgz",
      "integrity": "sha1-w9qaaq46MLRreww0m4exENw72k8=",
      "requires": {
        "charenc": "0.0.2",
        "crypt": "0.0.2",
        "is-buffer": "~1.1.6"
      }
    },
    "printj": {
      "version": "1.1.2",
      "resolved": "https://registry.npm.taobao.org/printj/download/printj-1.1.2.tgz",
      "integrity": "sha1-2Q3rKXWoufYA+zoclOP0xTx4oiI="
    },
    "ssf": {
      "version": "0.11.2",
      "resolved": "https://registry.npm.taobao.org/ssf/download/ssf-0.11.2.tgz",
      "integrity": "sha1-C5lpiyN1SNCI/EPN8rcMGnUSwGw=",
      "requires": {
        "frac": "~1.1.2"
      }
    },
    "typescript": {
      "version": "4.0.2",
      "resolved": "https://registry.npm.taobao.org/typescript/download/typescript-4.0.2.tgz?cache=0&sync_timestamp=1599029464101&other_urls=https%3A%2F%2Fregistry.npm.taobao.org%2Ftypescript%2Fdownload%2Ftypescript-4.0.2.tgz",
      "integrity": "sha1-fqfIh3fHI8aB4zv3mIvl0AjQWsI=",
      "dev": true
    },
    "wmf": {
      "version": "1.0.2",
      "resolved": "https://registry.npm.taobao.org/wmf/download/wmf-1.0.2.tgz",
      "integrity": "sha1-fRnWIQcaCMK9xrfmiKnENSmMwto="
    },
    "word": {
      "version": "0.3.0",
      "resolved": "https://registry.npm.taobao.org/word/download/word-0.3.0.tgz",
      "integrity": "sha1-hUIVfk+OhJ9KNjooiZLUdhLbmWE="
    },
    "xlsx": {
      "version": "0.16.6",
      "resolved": "https://registry.npm.taobao.org/xlsx/download/xlsx-0.16.6.tgz",
      "integrity": "sha1-7HWd8WbL/l/fAdCGNqZ5bbJq+aM=",
      "requires": {
        "adler-32": "~1.2.0",
        "cfb": "^1.1.4",
        "codepage": "~1.14.0",
        "commander": "~2.17.1",
        "crc-32": "~1.2.0",
        "exit-on-epipe": "~1.0.1",
        "ssf": "~0.11.2",
        "wmf": "~1.0.1",
        "word": "~0.3.0"
      },
      "dependencies": {
        "commander": {
          "version": "2.17.1",
          "resolved": "https://registry.npm.taobao.org/commander/download/commander-2.17.1.tgz?cache=0&sync_timestamp=1598576116597&other_urls=https%3A%2F%2Fregistry.npm.taobao.org%2Fcommander%2Fdownload%2Fcommander-2.17.1.tgz",
          "integrity": "sha1-vXerfebelCBc6sxy8XFtKfIKd78="
        }
      }
    },
    "yaml": {
      "version": "1.10.0",
      "resolved": "https://registry.npm.taobao.org/yaml/download/yaml-1.10.0.tgz?cache=0&sync_timestamp=1598195169702&other_urls=https%3A%2F%2Fregistry.npm.taobao.org%2Fyaml%2Fdownload%2Fyaml-1.10.0.tgz",
      "integrity": "sha1-O1k63ZRIdgd9TWg/7gEIG9n/8x4="
    }
  }
}
